# THIS IS AN AUTOGENERATED FILE. DO NOT EDIT THIS FILE DIRECTLY.
# yarn lockfile v1


bootstrap-beta@^4.0.0-beta:
  version "4.0.0-beta"
  resolved "https://registry.yarnpkg.com/bootstrap-beta/-/bootstrap-beta-4.0.0-beta.tgz#34f7988a553b5cdec1d607ea2f8d94ca396ffc12"

bootstrap-table@^1.11.2:
  version "1.11.2"
  resolved "https://registry.yarnpkg.com/bootstrap-table/-/bootstrap-table-1.11.2.tgz#5f5f8414c97d95a40e56d3d364523da432b3c0b1"

jquery@>=1.7, jquery@^3.2.1:
  version "3.2.1"
  resolved "https://registry.yarnpkg.com/jquery/-/jquery-3.2.1.tgz#5c4d9de652af6cd0a770154a631bba12b015c787"

popper.js@^1.12.5:
  version "1.12.5"
  resolved "https://registry.yarnpkg.com/popper.js/-/popper.js-1.12.5.tgz#229e4dea01629e1f1a1e26991ffade5024220fa6"

typeahead.js@^0.11.1:
  version "0.11.1"
  resolved "https://registry.yarnpkg.com/typeahead.js/-/typeahead.js-0.11.1.tgz#4e64e671b22310a8606f4aec805924ba84b015b8"
  dependencies:
    jquery ">=1.7"
